
Microsoft Visual Studio Solution File, Format Version 12.00
# Visual Studio Version 17
VisualStudioVersion = 17.4.33213.308
MinimumVisualStudioVersion = 10.0.40219.1
Project("{FAE04EC0-301F-11D3-BF4B-00C04F79EFBC}") = "ConsoleApp7", "ConsoleApp7\ConsoleApp7.csproj", "{FD914808-A943-4A8D-8CA6-2E634B59D552}"
EndProject
Project("{FAE04EC0-301F-11D3-BF4B-00C04F79EFBC}") = "ClassLibrary1", "ClassLibrary1\ClassLibrary1.csproj", "{5CFCF12D-9EE4-42EB-A5C0-2C10999D667F}"
EndProject
Project("{FAE04EC0-301F-11D3-BF4B-00C04F79EFBC}") = "CSVManager", "CSVManager\CSVManager.csproj", "{B4B2FEA9-260F-4C12-A2C2-1AE40363DF21}"
EndProject
Global
	GlobalSection(SolutionConfigurationPlatforms) = preSolution
		Debug|Any CPU = Debug|Any CPU
		Release|Any CPU = Release|Any CPU
	EndGlobalSection
	GlobalSection(ProjectConfigurationPlatforms) = postSolution
		{FD914808-A943-4A8D-8CA6-2E634B59D552}.Debug|Any CPU.ActiveCfg = Debug|Any CPU
		{FD914808-A943-4A8D-8CA6-2E634B59D552}.Debug|Any CPU.Build.0 = Debug|Any CPU
		{FD914808-A943-4A8D-8CA6-2E634B59D552}.Release|Any CPU.ActiveCfg = Release|Any CPU
		{FD914808-A943-4A8D-8CA6-2E634B59D552}.Release|Any CPU.Build.0 = Release|Any CPU
		{5CFCF12D-9EE4-42EB-A5C0-2C10999D667F}.Debug|Any CPU.ActiveCfg = Debug|Any CPU
		{5CFCF12D-9EE4-42EB-A5C0-2C10999D667F}.Debug|Any CPU.Build.0 = Debug|Any CPU
		{5CFCF12D-9EE4-42EB-A5C0-2C10999D667F}.Release|Any CPU.ActiveCfg = Release|Any CPU
		{5CFCF12D-9EE4-42EB-A5C0-2C10999D667F}.Release|Any CPU.Build.0 = Release|Any CPU
		{B4B2FEA9-260F-4C12-A2C2-1AE40363DF21}.Debug|Any CPU.ActiveCfg = Debug|Any CPU
		{B4B2FEA9-260F-4C12-A2C2-1AE40363DF21}.Debug|Any CPU.Build.0 = Debug|Any CPU
		{B4B2FEA9-260F-4C12-A2C2-1AE40363DF21}.Release|Any CPU.ActiveCfg = Release|Any CPU
		{B4B2FEA9-260F-4C12-A2C2-1AE40363DF21}.Release|Any CPU.Build.0 = Release|Any CPU
	EndGlobalSection
	GlobalSection(SolutionProperties) = preSolution
		HideSolutionNode = FALSE
	EndGlobalSection
	GlobalSection(ExtensibilityGlobals) = postSolution
		SolutionGuid = {CC2AC427-6291-443A-89D3-CA92A6E87EEF}
	EndGlobalSection
EndGlobal
